
Microsoft Visual Studio Solution File, Format Version 12.00
# Visual Studio Version 16
VisualStudioVersion = 16.0.32002.261
MinimumVisualStudioVersion = 10.0.40219.1
Project("{FAE04EC0-301F-11D3-BF4B-00C04F79EFBC}") = "RestaurantRater", "RestaurantRater\RestaurantRater.csproj", "{03C1AA17-5F3C-4F63-80BE-F34853649114}"
EndProject
Global
	GlobalSection(SolutionConfigurationPlatforms) = preSolution
		Debug|Any CPU = Debug|Any CPU
		Release|Any CPU = Release|Any CPU
	EndGlobalSection
	GlobalSection(ProjectConfigurationPlatforms) = postSolution
		{03C1AA17-5F3C-4F63-80BE-F34853649114}.Debug|Any CPU.ActiveCfg = Debug|Any CPU
		{03C1AA17-5F3C-4F63-80BE-F34853649114}.Debug|Any CPU.Build.0 = Debug|Any CPU
		{03C1AA17-5F3C-4F63-80BE-F34853649114}.Release|Any CPU.ActiveCfg = Release|Any CPU
		{03C1AA17-5F3C-4F63-80BE-F34853649114}.Release|Any CPU.Build.0 = Release|Any CPU
	EndGlobalSection
	GlobalSection(SolutionProperties) = preSolution
		HideSolutionNode = FALSE
	EndGlobalSection
	GlobalSection(ExtensibilityGlobals) = postSolution
		SolutionGuid = {A4A791F7-C0A0-4287-84F6-516970712270}
	EndGlobalSection
EndGlobal
